{
  "name": "VOLUME",
  "lockfileVersion": 2,
  "requires": true,
  "packages": {
    "": {
      "dependencies": {
        "decimal.js": "^10.2.1"
      },
      "devDependencies": {
        "@openzeppelin/contracts": "^4.1.0",
        "big-js": "^3.1.3"
      }
    },
    "node_modules/@openzeppelin/contracts": {
      "version": "4.1.0",
      "resolved": "https://registry.npmjs.org/@openzeppelin/contracts/-/contracts-4.1.0.tgz",
      "integrity": "sha512-TihZitscnaHNcZgXGj9zDLDyCqjziytB4tMCwXq0XimfWkAjBYyk5/pOsDbbwcavhlc79HhpTEpQcrMnPVa1mw==",
      "dev": true
    },
    "node_modules/big-js": {
      "version": "3.1.3",
      "resolved": "https://registry.npmjs.org/big-js/-/big-js-3.1.3.tgz",
      "integrity": "sha1-CI5zr9UVko3ZGX/C02SIORvDvDo=",
      "dev": true,
      "engines": {
        "node": "*"
      }
    },
    "node_modules/decimal.js": {
      "version": "10.2.1",
      "resolved": "https://registry.npmjs.org/decimal.js/-/decimal.js-10.2.1.tgz",
      "integrity": "sha512-KaL7+6Fw6i5A2XSnsbhm/6B+NuEA7TZ4vqxnd5tXz9sbKtrN9Srj8ab4vKVdK8YAqZO9P1kg45Y6YLoduPf+kw=="
    }
  },
  "dependencies": {
    "@openzeppelin/contracts": {
      "version": "4.1.0",
      "resolved": "https://registry.npmjs.org/@openzeppelin/contracts/-/contracts-4.1.0.tgz",
      "integrity": "sha512-TihZitscnaHNcZgXGj9zDLDyCqjziytB4tMCwXq0XimfWkAjBYyk5/pOsDbbwcavhlc79HhpTEpQcrMnPVa1mw==",
      "dev": true
    },
    "big-js": {
      "version": "3.1.3",
      "resolved": "https://registry.npmjs.org/big-js/-/big-js-3.1.3.tgz",
      "integrity": "sha1-CI5zr9UVko3ZGX/C02SIORvDvDo=",
      "dev": true
    },
    "decimal.js": {
      "version": "10.2.1",
      "resolved": "https://registry.npmjs.org/decimal.js/-/decimal.js-10.2.1.tgz",
      "integrity": "sha512-KaL7+6Fw6i5A2XSnsbhm/6B+NuEA7TZ4vqxnd5tXz9sbKtrN9Srj8ab4vKVdK8YAqZO9P1kg45Y6YLoduPf+kw=="
    }
  }
}
